
Microsoft Visual Studio Solution File, Format Version 12.00
# Visual Studio Version 16
VisualStudioVersion = 16.0.30711.63
MinimumVisualStudioVersion = 10.0.40219.1
Project("{FAE04EC0-301F-11D3-BF4B-00C04F79EFBC}") = "CSharp9API", "CSharp9API\CSharp9API.csproj", "{F4A75DE2-0457-43D9-9F85-3A4F8C1FB3AA}"
EndProject
Global
	GlobalSection(SolutionConfigurationPlatforms) = preSolution
		Debug|Any CPU = Debug|Any CPU
		Release|Any CPU = Release|Any CPU
	EndGlobalSection
	GlobalSection(ProjectConfigurationPlatforms) = postSolution
		{F4A75DE2-0457-43D9-9F85-3A4F8C1FB3AA}.Debug|Any CPU.ActiveCfg = Debug|Any CPU
		{F4A75DE2-0457-43D9-9F85-3A4F8C1FB3AA}.Debug|Any CPU.Build.0 = Debug|Any CPU
		{F4A75DE2-0457-43D9-9F85-3A4F8C1FB3AA}.Release|Any CPU.ActiveCfg = Release|Any CPU
		{F4A75DE2-0457-43D9-9F85-3A4F8C1FB3AA}.Release|Any CPU.Build.0 = Release|Any CPU
	EndGlobalSection
	GlobalSection(SolutionProperties) = preSolution
		HideSolutionNode = FALSE
	EndGlobalSection
	GlobalSection(ExtensibilityGlobals) = postSolution
		SolutionGuid = {C8C80A24-52B2-4268-A97A-38A7EB13E719}
	EndGlobalSection
EndGlobal
