
Microsoft Visual Studio Solution File, Format Version 12.00
# Visual Studio Version 17
VisualStudioVersion = 17.0.31825.309
MinimumVisualStudioVersion = 10.0.40219.1
Project("{FAE04EC0-301F-11D3-BF4B-00C04F79EFBC}") = "TopLevelProgramPro", "TopLevelProgramPro\TopLevelProgramPro.csproj", "{3A59F80F-18D5-46B6-B09E-15B68A8C6F22}"
EndProject
Project("{9A19103F-16F7-4668-BE54-9A1E7A4F7556}") = "InitorRecordTypePro", "RecordTypePro\InitorRecordTypePro.csproj", "{F17026B0-EC0D-47B3-A753-A603F14D77F7}"
EndProject
Project("{FAE04EC0-301F-11D3-BF4B-00C04F79EFBC}") = "RelationalPatternMatchingPro", "RelationalPatternMatchingPro\RelationalPatternMatchingPro.csproj", "{E0D6256B-31CB-4461-A63F-CBB6DF18B3F3}"
EndProject
Global
	GlobalSection(SolutionConfigurationPlatforms) = preSolution
		Debug|Any CPU = Debug|Any CPU
		Release|Any CPU = Release|Any CPU
	EndGlobalSection
	GlobalSection(ProjectConfigurationPlatforms) = postSolution
		{3A59F80F-18D5-46B6-B09E-15B68A8C6F22}.Debug|Any CPU.ActiveCfg = Debug|Any CPU
		{3A59F80F-18D5-46B6-B09E-15B68A8C6F22}.Debug|Any CPU.Build.0 = Debug|Any CPU
		{3A59F80F-18D5-46B6-B09E-15B68A8C6F22}.Release|Any CPU.ActiveCfg = Release|Any CPU
		{3A59F80F-18D5-46B6-B09E-15B68A8C6F22}.Release|Any CPU.Build.0 = Release|Any CPU
		{F17026B0-EC0D-47B3-A753-A603F14D77F7}.Debug|Any CPU.ActiveCfg = Debug|Any CPU
		{F17026B0-EC0D-47B3-A753-A603F14D77F7}.Debug|Any CPU.Build.0 = Debug|Any CPU
		{F17026B0-EC0D-47B3-A753-A603F14D77F7}.Release|Any CPU.ActiveCfg = Release|Any CPU
		{F17026B0-EC0D-47B3-A753-A603F14D77F7}.Release|Any CPU.Build.0 = Release|Any CPU
		{E0D6256B-31CB-4461-A63F-CBB6DF18B3F3}.Debug|Any CPU.ActiveCfg = Debug|Any CPU
		{E0D6256B-31CB-4461-A63F-CBB6DF18B3F3}.Debug|Any CPU.Build.0 = Debug|Any CPU
		{E0D6256B-31CB-4461-A63F-CBB6DF18B3F3}.Release|Any CPU.ActiveCfg = Release|Any CPU
		{E0D6256B-31CB-4461-A63F-CBB6DF18B3F3}.Release|Any CPU.Build.0 = Release|Any CPU
	EndGlobalSection
	GlobalSection(SolutionProperties) = preSolution
		HideSolutionNode = FALSE
	EndGlobalSection
	GlobalSection(ExtensibilityGlobals) = postSolution
		SolutionGuid = {C8C80A24-52B2-4268-A97A-38A7EB13E719}
	EndGlobalSection
EndGlobal
