
Microsoft Visual Studio Solution File, Format Version 12.00
# Visual Studio Version 16
VisualStudioVersion = 16.0.30717.126
MinimumVisualStudioVersion = 10.0.40219.1
Project("{FAE04EC0-301F-11D3-BF4B-00C04F79EFBC}") = "DefaultImplementationPro", "DefaultImplementationPro\DefaultImplementationPro.csproj", "{03C7988D-9CD7-4CBB-93B2-6DF56A3FBCBE}"
EndProject
Project("{FAE04EC0-301F-11D3-BF4B-00C04F79EFBC}") = "SwitchExpressionPro", "SwitchStatementPro\SwitchExpressionPro.csproj", "{DF457B06-5A2B-495D-BF7C-FE8143926421}"
EndProject
Project("{FAE04EC0-301F-11D3-BF4B-00C04F79EFBC}") = "UsingExpressionPro", "UsingExpressionPro\UsingExpressionPro.csproj", "{2BB13237-66BB-48EB-B912-A4A7F5E0DAF2}"
EndProject
Project("{FAE04EC0-301F-11D3-BF4B-00C04F79EFBC}") = "NullCoalescingAssignmentPro", "NullCoalescingAssignmentPro\NullCoalescingAssignmentPro.csproj", "{1E70827F-385E-44B0-8EDD-A036FBB29CFA}"
EndProject
Project("{FAE04EC0-301F-11D3-BF4B-00C04F79EFBC}") = "IndexesAndRangePro", "IndexesAndRangePro\IndexesAndRangePro.csproj", "{6F8795AE-2046-4AEF-93DE-95FAC43DD1FE}"
EndProject
Global
	GlobalSection(SolutionConfigurationPlatforms) = preSolution
		Debug|Any CPU = Debug|Any CPU
		Release|Any CPU = Release|Any CPU
	EndGlobalSection
	GlobalSection(ProjectConfigurationPlatforms) = postSolution
		{03C7988D-9CD7-4CBB-93B2-6DF56A3FBCBE}.Debug|Any CPU.ActiveCfg = Debug|Any CPU
		{03C7988D-9CD7-4CBB-93B2-6DF56A3FBCBE}.Debug|Any CPU.Build.0 = Debug|Any CPU
		{03C7988D-9CD7-4CBB-93B2-6DF56A3FBCBE}.Release|Any CPU.ActiveCfg = Release|Any CPU
		{03C7988D-9CD7-4CBB-93B2-6DF56A3FBCBE}.Release|Any CPU.Build.0 = Release|Any CPU
		{DF457B06-5A2B-495D-BF7C-FE8143926421}.Debug|Any CPU.ActiveCfg = Debug|Any CPU
		{DF457B06-5A2B-495D-BF7C-FE8143926421}.Debug|Any CPU.Build.0 = Debug|Any CPU
		{DF457B06-5A2B-495D-BF7C-FE8143926421}.Release|Any CPU.ActiveCfg = Release|Any CPU
		{DF457B06-5A2B-495D-BF7C-FE8143926421}.Release|Any CPU.Build.0 = Release|Any CPU
		{2BB13237-66BB-48EB-B912-A4A7F5E0DAF2}.Debug|Any CPU.ActiveCfg = Debug|Any CPU
		{2BB13237-66BB-48EB-B912-A4A7F5E0DAF2}.Debug|Any CPU.Build.0 = Debug|Any CPU
		{2BB13237-66BB-48EB-B912-A4A7F5E0DAF2}.Release|Any CPU.ActiveCfg = Release|Any CPU
		{2BB13237-66BB-48EB-B912-A4A7F5E0DAF2}.Release|Any CPU.Build.0 = Release|Any CPU
		{1E70827F-385E-44B0-8EDD-A036FBB29CFA}.Debug|Any CPU.ActiveCfg = Debug|Any CPU
		{1E70827F-385E-44B0-8EDD-A036FBB29CFA}.Debug|Any CPU.Build.0 = Debug|Any CPU
		{1E70827F-385E-44B0-8EDD-A036FBB29CFA}.Release|Any CPU.ActiveCfg = Release|Any CPU
		{1E70827F-385E-44B0-8EDD-A036FBB29CFA}.Release|Any CPU.Build.0 = Release|Any CPU
		{6F8795AE-2046-4AEF-93DE-95FAC43DD1FE}.Debug|Any CPU.ActiveCfg = Debug|Any CPU
		{6F8795AE-2046-4AEF-93DE-95FAC43DD1FE}.Debug|Any CPU.Build.0 = Debug|Any CPU
		{6F8795AE-2046-4AEF-93DE-95FAC43DD1FE}.Release|Any CPU.ActiveCfg = Release|Any CPU
		{6F8795AE-2046-4AEF-93DE-95FAC43DD1FE}.Release|Any CPU.Build.0 = Release|Any CPU
	EndGlobalSection
	GlobalSection(SolutionProperties) = preSolution
		HideSolutionNode = FALSE
	EndGlobalSection
	GlobalSection(ExtensibilityGlobals) = postSolution
		SolutionGuid = {604FC68A-0F0B-4EB3-97D3-1DE01ED8BA47}
	EndGlobalSection
EndGlobal
