
Microsoft Visual Studio Solution File, Format Version 12.00
# Visual Studio Version 16
VisualStudioVersion = 16.0.30717.126
MinimumVisualStudioVersion = 10.0.40219.1
Project("{9A19103F-16F7-4668-BE54-9A1E7A4F7556}") = "Net5Features", "Net5Features\Net5Features.csproj", "{515F5C3B-2853-4F18-B997-8E29CC97F289}"
EndProject
Project("{9A19103F-16F7-4668-BE54-9A1E7A4F7556}") = "BlazorApp", "BlazorApp\BlazorApp.csproj", "{BD1A52EE-E89B-48AF-BD65-D59ED6B22339}"
EndProject
Project("{FAE04EC0-301F-11D3-BF4B-00C04F79EFBC}") = "RecordTypePro", "RecordTypePro\RecordTypePro.csproj", "{312459DA-4A3D-4F58-89B4-836AFE7B2417}"
EndProject
Global
	GlobalSection(SolutionConfigurationPlatforms) = preSolution
		Debug|Any CPU = Debug|Any CPU
		Release|Any CPU = Release|Any CPU
	EndGlobalSection
	GlobalSection(ProjectConfigurationPlatforms) = postSolution
		{515F5C3B-2853-4F18-B997-8E29CC97F289}.Debug|Any CPU.ActiveCfg = Debug|Any CPU
		{515F5C3B-2853-4F18-B997-8E29CC97F289}.Debug|Any CPU.Build.0 = Debug|Any CPU
		{515F5C3B-2853-4F18-B997-8E29CC97F289}.Release|Any CPU.ActiveCfg = Release|Any CPU
		{515F5C3B-2853-4F18-B997-8E29CC97F289}.Release|Any CPU.Build.0 = Release|Any CPU
		{BD1A52EE-E89B-48AF-BD65-D59ED6B22339}.Debug|Any CPU.ActiveCfg = Debug|Any CPU
		{BD1A52EE-E89B-48AF-BD65-D59ED6B22339}.Debug|Any CPU.Build.0 = Debug|Any CPU
		{BD1A52EE-E89B-48AF-BD65-D59ED6B22339}.Release|Any CPU.ActiveCfg = Release|Any CPU
		{BD1A52EE-E89B-48AF-BD65-D59ED6B22339}.Release|Any CPU.Build.0 = Release|Any CPU
		{312459DA-4A3D-4F58-89B4-836AFE7B2417}.Debug|Any CPU.ActiveCfg = Debug|Any CPU
		{312459DA-4A3D-4F58-89B4-836AFE7B2417}.Debug|Any CPU.Build.0 = Debug|Any CPU
		{312459DA-4A3D-4F58-89B4-836AFE7B2417}.Release|Any CPU.ActiveCfg = Release|Any CPU
		{312459DA-4A3D-4F58-89B4-836AFE7B2417}.Release|Any CPU.Build.0 = Release|Any CPU
	EndGlobalSection
	GlobalSection(SolutionProperties) = preSolution
		HideSolutionNode = FALSE
	EndGlobalSection
	GlobalSection(ExtensibilityGlobals) = postSolution
		SolutionGuid = {E7D5A026-9C6C-4417-A921-2E89F97C4584}
	EndGlobalSection
EndGlobal
