
Microsoft Visual Studio Solution File, Format Version 12.00
# Visual Studio Version 17
VisualStudioVersion = 17.0.31825.309
MinimumVisualStudioVersion = 10.0.40219.1
Project("{9A19103F-16F7-4668-BE54-9A1E7A4F7556}") = "01GlobalUsingStatementPro", "CSharp10Sol\01GlobalUsingStatementPro.csproj", "{57514840-EDB0-46A8-A22E-5B15AD84E0CC}"
EndProject
Project("{9A19103F-16F7-4668-BE54-9A1E7A4F7556}") = "03FileScopedNamespacePro", "MultiNameSpacesPro\03FileScopedNamespacePro.csproj", "{EAF12ADA-00BC-4E2F-BF6F-FC2CF2342B76}"
EndProject
Project("{9A19103F-16F7-4668-BE54-9A1E7A4F7556}") = "02ConstantInterpolatedStringPro", "ConstantInterpolatedStringPro\02ConstantInterpolatedStringPro.csproj", "{9B6A0A6A-B93D-4259-B168-07CDC7FBA10B}"
EndProject
Project("{9A19103F-16F7-4668-BE54-9A1E7A4F7556}") = "04AttributeSupportGenericPro", "AttributeSupportGenericPro\04AttributeSupportGenericPro.csproj", "{6583539E-9554-4DC3-B2E6-4409C9B3DC17}"
EndProject
Project("{9A19103F-16F7-4668-BE54-9A1E7A4F7556}") = "05LamdaExprPro", "05LamdaExprPro\05LamdaExprPro.csproj", "{041A67A8-1645-424F-BE06-708E8DFBCFA4}"
EndProject
Project("{9A19103F-16F7-4668-BE54-9A1E7A4F7556}") = "06ExtendedPropertyPatternPro", "06ExtendedPropertyPatternPro\06ExtendedPropertyPatternPro.csproj", "{18A69AA0-26CA-4E9C-B656-3E89F120A285}"
EndProject
Project("{9A19103F-16F7-4668-BE54-9A1E7A4F7556}") = "07RecordsPro", "07RecordsPro\07RecordsPro.csproj", "{13D18586-CE46-470B-9A24-FFE238B93F75}"
EndProject
Project("{FAE04EC0-301F-11D3-BF4B-00C04F79EFBC}") = "08RecordTypeCanSealToStringPro", "08RecordTypeCanSealToString\08RecordTypeCanSealToStringPro.csproj", "{B6D193B9-50B1-4924-91CC-39AC5D4B0D5C}"
EndProject
Project("{FAE04EC0-301F-11D3-BF4B-00C04F79EFBC}") = "09StructureTrypesImprovementsPro", "09StructureTrypesImprovements\09StructureTrypesImprovementsPro.csproj", "{FBACEB92-6754-4B3C-8DFE-D09855FB7BD4}"
EndProject
Project("{FAE04EC0-301F-11D3-BF4B-00C04F79EFBC}") = "10StructTypeImprovementsPro", "10StructTypeImprovementsPro\10StructTypeImprovementsPro.csproj", "{F2AE026A-CD5C-4465-9604-27001C394ADD}"
EndProject
Global
	GlobalSection(SolutionConfigurationPlatforms) = preSolution
		Debug|Any CPU = Debug|Any CPU
		Release|Any CPU = Release|Any CPU
	EndGlobalSection
	GlobalSection(ProjectConfigurationPlatforms) = postSolution
		{57514840-EDB0-46A8-A22E-5B15AD84E0CC}.Debug|Any CPU.ActiveCfg = Debug|Any CPU
		{57514840-EDB0-46A8-A22E-5B15AD84E0CC}.Debug|Any CPU.Build.0 = Debug|Any CPU
		{57514840-EDB0-46A8-A22E-5B15AD84E0CC}.Release|Any CPU.ActiveCfg = Release|Any CPU
		{57514840-EDB0-46A8-A22E-5B15AD84E0CC}.Release|Any CPU.Build.0 = Release|Any CPU
		{EAF12ADA-00BC-4E2F-BF6F-FC2CF2342B76}.Debug|Any CPU.ActiveCfg = Debug|Any CPU
		{EAF12ADA-00BC-4E2F-BF6F-FC2CF2342B76}.Debug|Any CPU.Build.0 = Debug|Any CPU
		{EAF12ADA-00BC-4E2F-BF6F-FC2CF2342B76}.Release|Any CPU.ActiveCfg = Release|Any CPU
		{EAF12ADA-00BC-4E2F-BF6F-FC2CF2342B76}.Release|Any CPU.Build.0 = Release|Any CPU
		{9B6A0A6A-B93D-4259-B168-07CDC7FBA10B}.Debug|Any CPU.ActiveCfg = Debug|Any CPU
		{9B6A0A6A-B93D-4259-B168-07CDC7FBA10B}.Debug|Any CPU.Build.0 = Debug|Any CPU
		{9B6A0A6A-B93D-4259-B168-07CDC7FBA10B}.Release|Any CPU.ActiveCfg = Release|Any CPU
		{9B6A0A6A-B93D-4259-B168-07CDC7FBA10B}.Release|Any CPU.Build.0 = Release|Any CPU
		{6583539E-9554-4DC3-B2E6-4409C9B3DC17}.Debug|Any CPU.ActiveCfg = Debug|Any CPU
		{6583539E-9554-4DC3-B2E6-4409C9B3DC17}.Debug|Any CPU.Build.0 = Debug|Any CPU
		{6583539E-9554-4DC3-B2E6-4409C9B3DC17}.Release|Any CPU.ActiveCfg = Release|Any CPU
		{6583539E-9554-4DC3-B2E6-4409C9B3DC17}.Release|Any CPU.Build.0 = Release|Any CPU
		{041A67A8-1645-424F-BE06-708E8DFBCFA4}.Debug|Any CPU.ActiveCfg = Debug|Any CPU
		{041A67A8-1645-424F-BE06-708E8DFBCFA4}.Debug|Any CPU.Build.0 = Debug|Any CPU
		{041A67A8-1645-424F-BE06-708E8DFBCFA4}.Release|Any CPU.ActiveCfg = Release|Any CPU
		{041A67A8-1645-424F-BE06-708E8DFBCFA4}.Release|Any CPU.Build.0 = Release|Any CPU
		{18A69AA0-26CA-4E9C-B656-3E89F120A285}.Debug|Any CPU.ActiveCfg = Debug|Any CPU
		{18A69AA0-26CA-4E9C-B656-3E89F120A285}.Debug|Any CPU.Build.0 = Debug|Any CPU
		{18A69AA0-26CA-4E9C-B656-3E89F120A285}.Release|Any CPU.ActiveCfg = Release|Any CPU
		{18A69AA0-26CA-4E9C-B656-3E89F120A285}.Release|Any CPU.Build.0 = Release|Any CPU
		{13D18586-CE46-470B-9A24-FFE238B93F75}.Debug|Any CPU.ActiveCfg = Debug|Any CPU
		{13D18586-CE46-470B-9A24-FFE238B93F75}.Debug|Any CPU.Build.0 = Debug|Any CPU
		{13D18586-CE46-470B-9A24-FFE238B93F75}.Release|Any CPU.ActiveCfg = Release|Any CPU
		{13D18586-CE46-470B-9A24-FFE238B93F75}.Release|Any CPU.Build.0 = Release|Any CPU
		{B6D193B9-50B1-4924-91CC-39AC5D4B0D5C}.Debug|Any CPU.ActiveCfg = Debug|Any CPU
		{B6D193B9-50B1-4924-91CC-39AC5D4B0D5C}.Debug|Any CPU.Build.0 = Debug|Any CPU
		{B6D193B9-50B1-4924-91CC-39AC5D4B0D5C}.Release|Any CPU.ActiveCfg = Release|Any CPU
		{B6D193B9-50B1-4924-91CC-39AC5D4B0D5C}.Release|Any CPU.Build.0 = Release|Any CPU
		{FBACEB92-6754-4B3C-8DFE-D09855FB7BD4}.Debug|Any CPU.ActiveCfg = Debug|Any CPU
		{FBACEB92-6754-4B3C-8DFE-D09855FB7BD4}.Debug|Any CPU.Build.0 = Debug|Any CPU
		{FBACEB92-6754-4B3C-8DFE-D09855FB7BD4}.Release|Any CPU.ActiveCfg = Release|Any CPU
		{FBACEB92-6754-4B3C-8DFE-D09855FB7BD4}.Release|Any CPU.Build.0 = Release|Any CPU
		{F2AE026A-CD5C-4465-9604-27001C394ADD}.Debug|Any CPU.ActiveCfg = Debug|Any CPU
		{F2AE026A-CD5C-4465-9604-27001C394ADD}.Debug|Any CPU.Build.0 = Debug|Any CPU
		{F2AE026A-CD5C-4465-9604-27001C394ADD}.Release|Any CPU.ActiveCfg = Release|Any CPU
		{F2AE026A-CD5C-4465-9604-27001C394ADD}.Release|Any CPU.Build.0 = Release|Any CPU
	EndGlobalSection
	GlobalSection(SolutionProperties) = preSolution
		HideSolutionNode = FALSE
	EndGlobalSection
	GlobalSection(ExtensibilityGlobals) = postSolution
		SolutionGuid = {9D8FACDB-6666-4268-A706-037825B2C86D}
	EndGlobalSection
EndGlobal
